
Microsoft Visual Studio Solution File, Format Version 12.00
# Visual Studio Version 16
VisualStudioVersion = 16.0.29519.87
MinimumVisualStudioVersion = 10.0.40219.1
Project("{FAE04EC0-301F-11D3-BF4B-00C04F79EFBC}") = "ShapeCalculator", "ShapeCalculator.csproj", "{8401C723-EEAF-413D-B8F9-6383AEEA7129}"
EndProject
Global
	GlobalSection(SolutionConfigurationPlatforms) = preSolution
		Debug|Any CPU = Debug|Any CPU
		Release|Any CPU = Release|Any CPU
	EndGlobalSection
	GlobalSection(ProjectConfigurationPlatforms) = postSolution
		{8401C723-EEAF-413D-B8F9-6383AEEA7129}.Debug|Any CPU.ActiveCfg = Debug|Any CPU
		{8401C723-EEAF-413D-B8F9-6383AEEA7129}.Debug|Any CPU.Build.0 = Debug|Any CPU
		{8401C723-EEAF-413D-B8F9-6383AEEA7129}.Release|Any CPU.ActiveCfg = Release|Any CPU
		{8401C723-EEAF-413D-B8F9-6383AEEA7129}.Release|Any CPU.Build.0 = Release|Any CPU
	EndGlobalSection
	GlobalSection(SolutionProperties) = preSolution
		HideSolutionNode = FALSE
	EndGlobalSection
	GlobalSection(ExtensibilityGlobals) = postSolution
		SolutionGuid = {D6B59878-62CE-4ABB-B970-6E2884DBC29D}
	EndGlobalSection
EndGlobal
